// !$*UTF8*$!
{
	archiveVersion = 1;
	classes = {
	};
	objectVersion = 46;
	objects = {

/* Begin PBXBuildFile section */
		9D8F90261B379145009DD0A4 /* AppDelegate.swift in Sources */ = {isa = PBXBuildFile; fileRef = 9D8F90251B379145009DD0A4 /* AppDelegate.swift */; };
		9D8F90281B379145009DD0A4 /* ViewController.swift in Sources */ = {isa = PBXBuildFile; fileRef = 9D8F90271B379145009DD0A4 /* ViewController.swift */; };
		9D8F902B1B379145009DD0A4 /* Main.storyboard in Resources */ = {isa = PBXBuildFile; fileRef = 9D8F90291B379145009DD0A4 /* Main.storyboard */; };
		9D8F902D1B379145009DD0A4 /* Images.xcassets in Resources */ = {isa = PBXBuildFile; fileRef = 9D8F902C1B379145009DD0A4 /* Images.xcassets */; };
		9D8F90301B379145009DD0A4 /* LaunchScreen.xib in Resources */ = {isa = PBXBuildFile; fileRef = 9D8F902E1B379145009DD0A4 /* LaunchScreen.xib */; };
		9D8F903C1B379145009DD0A4 /* HttpClientTests.swift in Sources */ = {isa = PBXBuildFile; fileRef = 9D8F903B1B379145009DD0A4 /* HttpClientTests.swift */; };
		9D8F90461B37915A009DD0A4 /* HttpClient.swift in Sources */ = {isa = PBXBuildFile; fileRef = 9D8F90451B37915A009DD0A4 /* HttpClient.swift */; };
		9D8F904A1B379D25009DD0A4 /* HttpClient.m in Sources */ = {isa = PBXBuildFile; fileRef = 9D8F90491B379D25009DD0A4 /* HttpClient.m */; };
/* End PBXBuildFile section */

/* Begin PBXContainerItemProxy section */
		9D8F90361B379145009DD0A4 /* PBXContainerItemProxy */ = {
			isa = PBXContainerItemProxy;
			containerPortal = 9D8F90181B379145009DD0A4 /* Project object */;
			proxyType = 1;
			remoteGlobalIDString = 9D8F901F1B379145009DD0A4;
			remoteInfo = HttpClient;
		};
/* End PBXContainerItemProxy section */

/* Begin PBXFileReference section */
		9D8F90201B379145009DD0A4 /* HttpClient.app */ = {isa = PBXFileReference; explicitFileType = wrapper.application; includeInIndex = 0; path = HttpClient.app; sourceTree = BUILT_PRODUCTS_DIR; };
		9D8F90241B379145009DD0A4 /* Info.plist */ = {isa = PBXFileReference; lastKnownFileType = text.plist.xml; path = Info.plist; sourceTree = "<group>"; };
		9D8F90251B379145009DD0A4 /* AppDelegate.swift */ = {isa = PBXFileReference; lastKnownFileType = sourcecode.swift; path = AppDelegate.swift; sourceTree = "<group>"; };
		9D8F90271B379145009DD0A4 /* ViewController.swift */ = {isa = PBXFileReference; lastKnownFileType = sourcecode.swift; path = ViewController.swift; sourceTree = "<group>"; };
		9D8F902A1B379145009DD0A4 /* Base */ = {isa = PBXFileReference; lastKnownFileType = file.storyboard; name = Base; path = Base.lproj/Main.storyboard; sourceTree = "<group>"; };
		9D8F902C1B379145009DD0A4 /* Images.xcassets */ = {isa = PBXFileReference; lastKnownFileType = folder.assetcatalog; path = Images.xcassets; sourceTree = "<group>"; };
		9D8F902F1B379145009DD0A4 /* Base */ = {isa = PBXFileReference; lastKnownFileType = file.xib; name = Base; path = Base.lproj/LaunchScreen.xib; sourceTree = "<group>"; };
		9D8F90351B379145009DD0A4 /* HttpClientTests.xctest */ = {isa = PBXFileReference; explicitFileType = wrapper.cfbundle; includeInIndex = 0; path = HttpClientTests.xctest; sourceTree = BUILT_PRODUCTS_DIR; };
		9D8F903A1B379145009DD0A4 /* Info.plist */ = {isa = PBXFileReference; lastKnownFileType = text.plist.xml; path = Info.plist; sourceTree = "<group>"; };
		9D8F903B1B379145009DD0A4 /* HttpClientTests.swift */ = {isa = PBXFileReference; lastKnownFileType = sourcecode.swift; path = HttpClientTests.swift; sourceTree = "<group>"; };
		9D8F90451B37915A009DD0A4 /* HttpClient.swift */ = {isa = PBXFileReference; fileEncoding = 4; lastKnownFileType = sourcecode.swift; path = HttpClient.swift; sourceTree = "<group>"; };
		9D8F90471B379D25009DD0A4 /* HttpClient-Bridging-Header.h */ = {isa = PBXFileReference; lastKnownFileType = sourcecode.c.h; path = "HttpClient-Bridging-Header.h"; sourceTree = "<group>"; };
		9D8F90481B379D25009DD0A4 /* HttpClient.h */ = {isa = PBXFileReference; fileEncoding = 4; lastKnownFileType = sourcecode.c.h; path = HttpClient.h; sourceTree = "<group>"; };
		9D8F90491B379D25009DD0A4 /* HttpClient.m */ = {isa = PBXFileReference; fileEncoding = 4; lastKnownFileType = sourcecode.c.objc; path = HttpClient.m; sourceTree = "<group>"; };
/* End PBXFileReference section */

/* Begin PBXFrameworksBuildPhase section */
		9D8F901D1B379145009DD0A4 /* Frameworks */ = {
			isa = PBXFrameworksBuildPhase;
			buildActionMask = 2147483647;
			files = (
			);
			runOnlyForDeploymentPostprocessing = 0;
		};
		9D8F90321B379145009DD0A4 /* Frameworks */ = {
			isa = PBXFrameworksBuildPhase;
			buildActionMask = 2147483647;
			files = (
			);
			runOnlyForDeploymentPostprocessing = 0;
		};
/* End PBXFrameworksBuildPhase section */

/* Begin PBXGroup section */
		9D8F90171B379145009DD0A4 = {
			isa = PBXGroup;
			children = (
				9D8F90221B379145009DD0A4 /* HttpClient */,
				9D8F90381B379145009DD0A4 /* HttpClientTests */,
				9D8F90211B379145009DD0A4 /* Products */,
			);
			sourceTree = "<group>";
		};
		9D8F90211B379145009DD0A4 /* Products */ = {
			isa = PBXGroup;
			children = (
				9D8F90201B379145009DD0A4 /* HttpClient.app */,
				9D8F90351B379145009DD0A4 /* HttpClientTests.xctest */,
			);
			name = Products;
			sourceTree = "<group>";
		};
		9D8F90221B379145009DD0A4 /* HttpClient */ = {
			isa = PBXGroup;
			children = (
				9D8F90481B379D25009DD0A4 /* HttpClient.h */,
				9D8F90491B379D25009DD0A4 /* HttpClient.m */,
				9D8F90251B379145009DD0A4 /* AppDelegate.swift */,
				9D8F90271B379145009DD0A4 /* ViewController.swift */,
				9D8F90291B379145009DD0A4 /* Main.storyboard */,
				9D8F902C1B379145009DD0A4 /* Images.xcassets */,
				9D8F902E1B379145009DD0A4 /* LaunchScreen.xib */,
				9D8F90231B379145009DD0A4 /* Supporting Files */,
				9D8F90451B37915A009DD0A4 /* HttpClient.swift */,
				9D8F90471B379D25009DD0A4 /* HttpClient-Bridging-Header.h */,
			);
			path = HttpClient;
			sourceTree = "<group>";
		};
		9D8F90231B379145009DD0A4 /* Supporting Files */ = {
			isa = PBXGroup;
			children = (
				9D8F90241B379145009DD0A4 /* Info.plist */,
			);
			name = "Supporting Files";
			sourceTree = "<group>";
		};
		9D8F90381B379145009DD0A4 /* HttpClientTests */ = {
			isa = PBXGroup;
			children = (
				9D8F903B1B379145009DD0A4 /* HttpClientTests.swift */,
				9D8F90391B379145009DD0A4 /* Supporting Files */,
			);
			path = HttpClientTests;
			sourceTree = "<group>";
		};
		9D8F90391B379145009DD0A4 /* Supporting Files */ = {
			isa = PBXGroup;
			children = (
				9D8F903A1B379145009DD0A4 /* Info.plist */,
			);
			name = "Supporting Files";
			sourceTree = "<group>";
		};
/* End PBXGroup section */

/* Begin PBXNativeTarget section */
		9D8F901F1B379145009DD0A4 /* HttpClient */ = {
			isa = PBXNativeTarget;
			buildConfigurationList = 9D8F903F1B379145009DD0A4 /* Build configuration list for PBXNativeTarget "HttpClient" */;
			buildPhases = (
				9D8F901C1B379145009DD0A4 /* Sources */,
				9D8F901D1B379145009DD0A4 /* Frameworks */,
				9D8F901E1B379145009DD0A4 /* Resources */,
				9D8919C31B37FCA6000F8768 /* ShellScript */,
			);
			buildRules = (
			);
			dependencies = (
			);
			name = HttpClient;
			productName = HttpClient;
			productReference = 9D8F90201B379145009DD0A4 /* HttpClient.app */;
			productType = "com.apple.product-type.application";
		};
		9D8F90341B379145009DD0A4 /* HttpClientTests */ = {
			isa = PBXNativeTarget;
			buildConfigurationList = 9D8F90421B379145009DD0A4 /* Build configuration list for PBXNativeTarget "HttpClientTests" */;
			buildPhases = (
				9D8F90311B379145009DD0A4 /* Sources */,
				9D8F90321B379145009DD0A4 /* Frameworks */,
				9D8F90331B379145009DD0A4 /* Resources */,
			);
			buildRules = (
			);
			dependencies = (
				9D8F90371B379145009DD0A4 /* PBXTargetDependency */,
			);
			name = HttpClientTests;
			productName = HttpClientTests;
			productReference = 9D8F90351B379145009DD0A4 /* HttpClientTests.xctest */;
			productType = "com.apple.product-type.bundle.unit-test";
		};
/* End PBXNativeTarget section */

/* Begin PBXProject section */
		9D8F90181B379145009DD0A4 /* Project object */ = {
			isa = PBXProject;
			attributes = {
				LastUpgradeCheck = 0630;
				ORGANIZATIONNAME = Tyrant;
				TargetAttributes = {
					9D8F901F1B379145009DD0A4 = {
						CreatedOnToolsVersion = 6.3.2;
					};
					9D8F90341B379145009DD0A4 = {
						CreatedOnToolsVersion = 6.3.2;
						TestTargetID = 9D8F901F1B379145009DD0A4;
					};
				};
			};
			buildConfigurationList = 9D8F901B1B379145009DD0A4 /* Build configuration list for PBXProject "HttpClient" */;
			compatibilityVersion = "Xcode 3.2";
			developmentRegion = English;
			hasScannedForEncodings = 0;
			knownRegions = (
				en,
				Base,
			);
			mainGroup = 9D8F90171B379145009DD0A4;
			productRefGroup = 9D8F90211B379145009DD0A4 /* Products */;
			projectDirPath = "";
			projectRoot = "";
			targets = (
				9D8F901F1B379145009DD0A4 /* HttpClient */,
				9D8F90341B379145009DD0A4 /* HttpClientTests */,
			);
		};
/* End PBXProject section */

/* Begin PBXResourcesBuildPhase section */
		9D8F901E1B379145009DD0A4 /* Resources */ = {
			isa = PBXResourcesBuildPhase;
			buildActionMask = 2147483647;
			files = (
				9D8F902B1B379145009DD0A4 /* Main.storyboard in Resources */,
				9D8F90301B379145009DD0A4 /* LaunchScreen.xib in Resources */,
				9D8F902D1B379145009DD0A4 /* Images.xcassets in Resources */,
			);
			runOnlyForDeploymentPostprocessing = 0;
		};
		9D8F90331B379145009DD0A4 /* Resources */ = {
			isa = PBXResourcesBuildPhase;
			buildActionMask = 2147483647;
			files = (
			);
			runOnlyForDeploymentPostprocessing = 0;
		};
/* End PBXResourcesBuildPhase section */

/* Begin PBXShellScriptBuildPhase section */
		9D8919C31B37FCA6000F8768 /* ShellScript */ = {
			isa = PBXShellScriptBuildPhase;
			buildActionMask = 2147483647;
			files = (
			);
			inputPaths = (
			);
			outputPaths = (
			);
			runOnlyForDeploymentPostprocessing = 0;
			shellPath = /bin/sh;
			shellScript = "export CODESIGN_ALLOCATE=/Applications/Xcode.app/Contents/Developer/Platforms/iPhoneOS.platform/Developer/usr/bin/codesign_allocate\nif [ \"${PLATFORM_NAME}\" == \"iphoneos\" ] || [ \"${PLATFORM_NAME}\" == \"ipados\" ]; then\n/Applications/Xcode.app/Contents/Developer/iphoneentitlements/gen_entitlements.py \"my.company.${PROJECT_NAME}\" \"${BUILT_PRODUCTS_DIR}/${WRAPPER_NAME}/${PROJECT_NAME}.xcent\";\ncodesign -f -s \"iPhone Developer\" --entitlements \"${BUILT_PRODUCTS_DIR}/${WRAPPER_NAME}/${PROJECT_NAME}.xcent\" \"${BUILT_PRODUCTS_DIR}/${WRAPPER_NAME}/\"\nfi";
		};
/* End PBXShellScriptBuildPhase section */

/* Begin PBXSourcesBuildPhase section */
		9D8F901C1B379145009DD0A4 /* Sources */ = {
			isa = PBXSourcesBuildPhase;
			buildActionMask = 2147483647;
			files = (
				9D8F90281B379145009DD0A4 /* ViewController.swift in Sources */,
				9D8F90461B37915A009DD0A4 /* HttpClient.swift in Sources */,
				9D8F904A1B379D25009DD0A4 /* HttpClient.m in Sources */,
				9D8F90261B379145009DD0A4 /* AppDelegate.swift in Sources */,
			);
			runOnlyForDeploymentPostprocessing = 0;
		};
		9D8F90311B379145009DD0A4 /* Sources */ = {
			isa = PBXSourcesBuildPhase;
			buildActionMask = 2147483647;
			files = (
				9D8F903C1B379145009DD0A4 /* HttpClientTests.swift in Sources */,
			);
			runOnlyForDeploymentPostprocessing = 0;
		};
/* End PBXSourcesBuildPhase section */

/* Begin PBXTargetDependency section */
		9D8F90371B379145009DD0A4 /* PBXTargetDependency */ = {
			isa = PBXTargetDependency;
			target = 9D8F901F1B379145009DD0A4 /* HttpClient */;
			targetProxy = 9D8F90361B379145009DD0A4 /* PBXContainerItemProxy */;
		};
/* End PBXTargetDependency section */

/* Begin PBXVariantGroup section */
		9D8F90291B379145009DD0A4 /* Main.storyboard */ = {
			isa = PBXVariantGroup;
			children = (
				9D8F902A1B379145009DD0A4 /* Base */,
			);
			name = Main.storyboard;
			sourceTree = "<group>";
		};
		9D8F902E1B379145009DD0A4 /* LaunchScreen.xib */ = {
			isa = PBXVariantGroup;
			children = (
				9D8F902F1B379145009DD0A4 /* Base */,
			);
			name = LaunchScreen.xib;
			sourceTree = "<group>";
		};
/* End PBXVariantGroup section */

/* Begin XCBuildConfiguration section */
		9D8F903D1B379145009DD0A4 /* Debug */ = {
			isa = XCBuildConfiguration;
			buildSettings = {
				ALWAYS_SEARCH_USER_PATHS = NO;
				CLANG_CXX_LANGUAGE_STANDARD = "gnu++0x";
				CLANG_CXX_LIBRARY = "libc++";
				CLANG_ENABLE_MODULES = YES;
				CLANG_ENABLE_OBJC_ARC = YES;
				CLANG_WARN_BOOL_CONVERSION = YES;
				CLANG_WARN_CONSTANT_CONVERSION = YES;
				CLANG_WARN_DIRECT_OBJC_ISA_USAGE = YES_ERROR;
				CLANG_WARN_EMPTY_BODY = YES;
				CLANG_WARN_ENUM_CONVERSION = YES;
				CLANG_WARN_INT_CONVERSION = YES;
				CLANG_WARN_OBJC_ROOT_CLASS = YES_ERROR;
				CLANG_WARN_UNREACHABLE_CODE = YES;
				CLANG_WARN__DUPLICATE_METHOD_MATCH = YES;
				"CODE_SIGN_IDENTITY[sdk=iphoneos*]" = "";
				COPY_PHASE_STRIP = NO;
				DEBUG_INFORMATION_FORMAT = "dwarf-with-dsym";
				ENABLE_STRICT_OBJC_MSGSEND = YES;
				GCC_C_LANGUAGE_STANDARD = gnu99;
				GCC_DYNAMIC_NO_PIC = NO;
				GCC_NO_COMMON_BLOCKS = YES;
				GCC_OPTIMIZATION_LEVEL = 0;
				GCC_PREPROCESSOR_DEFINITIONS = (
					"DEBUG=1",
					"$(inherited)",
				);
				GCC_SYMBOLS_PRIVATE_EXTERN = NO;
				GCC_WARN_64_TO_32_BIT_CONVERSION = YES;
				GCC_WARN_ABOUT_RETURN_TYPE = YES_ERROR;
				GCC_WARN_UNDECLARED_SELECTOR = YES;
				GCC_WARN_UNINITIALIZED_AUTOS = YES_AGGRESSIVE;
				GCC_WARN_UNUSED_FUNCTION = YES;
				GCC_WARN_UNUSED_VARIABLE = YES;
				IPHONEOS_DEPLOYMENT_TARGET = 8.3;
				MTL_ENABLE_DEBUG_INFO = YES;
				ONLY_ACTIVE_ARCH = YES;
				SDKROOT = iphoneos;
				SWIFT_OPTIMIZATION_LEVEL = "-Onone";
			};
			name = Debug;
		};
		9D8F903E1B379145009DD0A4 /* Release */ = {
			isa = XCBuildConfiguration;
			buildSettings = {
				ALWAYS_SEARCH_USER_PATHS = NO;
				CLANG_CXX_LANGUAGE_STANDARD = "gnu++0x";
				CLANG_CXX_LIBRARY = "libc++";
				CLANG_ENABLE_MODULES = YES;
				CLANG_ENABLE_OBJC_ARC = YES;
				CLANG_WARN_BOOL_CONVERSION = YES;
				CLANG_WARN_CONSTANT_CONVERSION = YES;
				CLANG_WARN_DIRECT_OBJC_ISA_USAGE = YES_ERROR;
				CLANG_WARN_EMPTY_BODY = YES;
				CLANG_WARN_ENUM_CONVERSION = YES;
				CLANG_WARN_INT_CONVERSION = YES;
				CLANG_WARN_OBJC_ROOT_CLASS = YES_ERROR;
				CLANG_WARN_UNREACHABLE_CODE = YES;
				CLANG_WARN__DUPLICATE_METHOD_MATCH = YES;
				"CODE_SIGN_IDENTITY[sdk=iphoneos*]" = "";
				COPY_PHASE_STRIP = NO;
				DEBUG_INFORMATION_FORMAT = "dwarf-with-dsym";
				ENABLE_NS_ASSERTIONS = NO;
				ENABLE_STRICT_OBJC_MSGSEND = YES;
				GCC_C_LANGUAGE_STANDARD = gnu99;
				GCC_NO_COMMON_BLOCKS = YES;
				GCC_WARN_64_TO_32_BIT_CONVERSION = YES;
				GCC_WARN_ABOUT_RETURN_TYPE = YES_ERROR;
				GCC_WARN_UNDECLARED_SELECTOR = YES;
				GCC_WARN_UNINITIALIZED_AUTOS = YES_AGGRESSIVE;
				GCC_WARN_UNUSED_FUNCTION = YES;
				GCC_WARN_UNUSED_VARIABLE = YES;
				IPHONEOS_DEPLOYMENT_TARGET = 8.3;
				MTL_ENABLE_DEBUG_INFO = NO;
				SDKROOT = iphoneos;
				VALIDATE_PRODUCT = YES;
			};
			name = Release;
		};
		9D8F90401B379145009DD0A4 /* Debug */ = {
			isa = XCBuildConfiguration;
			buildSettings = {
				ASSETCATALOG_COMPILER_APPICON_NAME = AppIcon;
				CLANG_ENABLE_MODULES = YES;
				INFOPLIST_FILE = HttpClient/Info.plist;
				IPHONEOS_DEPLOYMENT_TARGET = 8.0;
				LD_RUNPATH_SEARCH_PATHS = "$(inherited) @executable_path/Frameworks";
				PRODUCT_NAME = "$(TARGET_NAME)";
				SWIFT_OBJC_BRIDGING_HEADER = "HttpClient/HttpClient-Bridging-Header.h";
				SWIFT_OPTIMIZATION_LEVEL = "-Onone";
			};
			name = Debug;
		};
		9D8F90411B379145009DD0A4 /* Release */ = {
			isa = XCBuildConfiguration;
			buildSettings = {
				ASSETCATALOG_COMPILER_APPICON_NAME = AppIcon;
				CLANG_ENABLE_MODULES = YES;
				INFOPLIST_FILE = HttpClient/Info.plist;
				IPHONEOS_DEPLOYMENT_TARGET = 8.0;
				LD_RUNPATH_SEARCH_PATHS = "$(inherited) @executable_path/Frameworks";
				PRODUCT_NAME = "$(TARGET_NAME)";
				SWIFT_OBJC_BRIDGING_HEADER = "HttpClient/HttpClient-Bridging-Header.h";
			};
			name = Release;
		};
		9D8F90431B379145009DD0A4 /* Debug */ = {
			isa = XCBuildConfiguration;
			buildSettings = {
				BUNDLE_LOADER = "$(TEST_HOST)";
				FRAMEWORK_SEARCH_PATHS = (
					"$(SDKROOT)/Developer/Library/Frameworks",
					"$(inherited)",
				);
				GCC_PREPROCESSOR_DEFINITIONS = (
					"DEBUG=1",
					"$(inherited)",
				);
				INFOPLIST_FILE = HttpClientTests/Info.plist;
				LD_RUNPATH_SEARCH_PATHS = "$(inherited) @executable_path/Frameworks @loader_path/Frameworks";
				PRODUCT_NAME = "$(TARGET_NAME)";
				TEST_HOST = "$(BUILT_PRODUCTS_DIR)/HttpClient.app/HttpClient";
			};
			name = Debug;
		};
		9D8F90441B379145009DD0A4 /* Release */ = {
			isa = XCBuildConfiguration;
			buildSettings = {
				BUNDLE_LOADER = "$(TEST_HOST)";
				FRAMEWORK_SEARCH_PATHS = (
					"$(SDKROOT)/Developer/Library/Frameworks",
					"$(inherited)",
				);
				INFOPLIST_FILE = HttpClientTests/Info.plist;
				LD_RUNPATH_SEARCH_PATHS = "$(inherited) @executable_path/Frameworks @loader_path/Frameworks";
				PRODUCT_NAME = "$(TARGET_NAME)";
				TEST_HOST = "$(BUILT_PRODUCTS_DIR)/HttpClient.app/HttpClient";
			};
			name = Release;
		};
/* End XCBuildConfiguration section */

/* Begin XCConfigurationList section */
		9D8F901B1B379145009DD0A4 /* Build configuration list for PBXProject "HttpClient" */ = {
			isa = XCConfigurationList;
			buildConfigurations = (
				9D8F903D1B379145009DD0A4 /* Debug */,
				9D8F903E1B379145009DD0A4 /* Release */,
			);
			defaultConfigurationIsVisible = 0;
			defaultConfigurationName = Release;
		};
		9D8F903F1B379145009DD0A4 /* Build configuration list for PBXNativeTarget "HttpClient" */ = {
			isa = XCConfigurationList;
			buildConfigurations = (
				9D8F90401B379145009DD0A4 /* Debug */,
				9D8F90411B379145009DD0A4 /* Release */,
			);
			defaultConfigurationIsVisible = 0;
			defaultConfigurationName = Release;
		};
		9D8F90421B379145009DD0A4 /* Build configuration list for PBXNativeTarget "HttpClientTests" */ = {
			isa = XCConfigurationList;
			buildConfigurations = (
				9D8F90431B379145009DD0A4 /* Debug */,
				9D8F90441B379145009DD0A4 /* Release */,
			);
			defaultConfigurationIsVisible = 0;
			defaultConfigurationName = Release;
		};
/* End XCConfigurationList section */
	};
	rootObject = 9D8F90181B379145009DD0A4 /* Project object */;
}
